
Microsoft Visual Studio Solution File, Format Version 12.00
# Visual Studio 2013
VisualStudioVersion = 12.0.40629.0
MinimumVisualStudioVersion = 10.0.40219.1
Project("{2150E333-8FDC-42A3-9474-1A3956D46DE8}") = ".nuget", ".nuget", "{C640539D-CFB2-4D69-B66C-0BE25C947D75}"
	ProjectSection(SolutionItems) = preProject
		.nuget\NuGet.Config = .nuget\NuGet.Config
		.nuget\NuGet.exe = .nuget\NuGet.exe
	EndProjectSection
EndProject
Project("{FAE04EC0-301F-11D3-BF4B-00C04F79EFBC}") = "ScaleneWebForms", "ScaleneWebForms\ScaleneWebForms.csproj", "{DD012D65-94AA-4565-9132-787032483720}"
EndProject
Project("{FAE04EC0-301F-11D3-BF4B-00C04F79EFBC}") = "SlimeeLibrary", "SlimeeLibrary\SlimeeLibrary.csproj", "{19C678F8-AE96-402A-B2BC-5CC616C4381A}"
EndProject
Project("{2150E333-8FDC-42A3-9474-1A3956D46DE8}") = "Solution Items", "Solution Items", "{0D777FFA-7D9B-44B9-9747-344D3EDE81D6}"
	ProjectSection(SolutionItems) = preProject
		manifest.yml = manifest.yml
	EndProjectSection
EndProject
Global
	GlobalSection(SolutionConfigurationPlatforms) = preSolution
		Debug|Any CPU = Debug|Any CPU
		Release|Any CPU = Release|Any CPU
	EndGlobalSection
	GlobalSection(ProjectConfigurationPlatforms) = postSolution
		{DD012D65-94AA-4565-9132-787032483720}.Debug|Any CPU.ActiveCfg = Debug|Any CPU
		{DD012D65-94AA-4565-9132-787032483720}.Debug|Any CPU.Build.0 = Debug|Any CPU
		{DD012D65-94AA-4565-9132-787032483720}.Release|Any CPU.ActiveCfg = Release|Any CPU
		{DD012D65-94AA-4565-9132-787032483720}.Release|Any CPU.Build.0 = Release|Any CPU
		{19C678F8-AE96-402A-B2BC-5CC616C4381A}.Debug|Any CPU.ActiveCfg = Debug|Any CPU
		{19C678F8-AE96-402A-B2BC-5CC616C4381A}.Debug|Any CPU.Build.0 = Debug|Any CPU
		{19C678F8-AE96-402A-B2BC-5CC616C4381A}.Release|Any CPU.ActiveCfg = Release|Any CPU
		{19C678F8-AE96-402A-B2BC-5CC616C4381A}.Release|Any CPU.Build.0 = Release|Any CPU
	EndGlobalSection
	GlobalSection(SolutionProperties) = preSolution
		HideSolutionNode = FALSE
	EndGlobalSection
EndGlobal
